PODS:
  - Masonry (1.1.0)
  - Protobuf (3.6.1)
  - SSZipArchive (1.8.1)
  - SVGAPlayer (2.3.0):
    - SVGAPlayer/Core (= 2.3.0)
    - SVGAPlayer/ProtoFiles (= 2.3.0)
  - SVGAPlayer/Core (2.3.0):
    - SSZipArchive (= 1.8.1)
    - SVGAPlayer/ProtoFiles
  - SVGAPlayer/ProtoFiles (2.3.0):
    - Protobuf (~> 3.4)
  - YYKit (1.0.9):
    - YYKit/no-arc (= 1.0.9)
  - YYKit/no-arc (1.0.9)

DEPENDENCIES:
  - Masonry
  - Protobuf (~> 3.4)
  - SSZipArchive (~> 1.8.1)
  - SVGAPlayer
  - YYKit

SPEC REPOS:
  https://github.com/cocoapods/specs.git:
    - Masonry
    - Protobuf
    - SSZipArchive
    - SVGAPlayer
    - YYKit

SPEC CHECKSUMS:
  Masonry: 678fab65091a9290e40e2832a55e7ab731aad201
  Protobuf: 1eb9700044745f00181c136ef21b8ff3ad5a0fd5
  SSZipArchive: 04547dfa448be5ed7ecbaf7eaf8a6e9eb9b42997
  SVGAPlayer: 39ad3d16643d8c63d62bd8a3decc0de4bc9b66c4
  YYKit: 7cda43304a8dc3696c449041e2cb3107b4e236e7

PODFILE CHECKSUM: f6a8498c1a992ff12837d5114a066f53d0cdfe25

COCOAPODS: 1.6.0.beta.2
